
Microsoft Visual Studio Solution File, Format Version 12.00
# Visual Studio Version 16
VisualStudioVersion = 16.0.29021.104
MinimumVisualStudioVersion = 10.0.40219.1
Project("{9A19103F-16F7-4668-BE54-9A1E7A4F7556}") = "BlazorHostedOnAzure.Server", "BlazorHostedOnAzure.Server\BlazorHostedOnAzure.Server.csproj", "{6180A247-DF7F-42D0-882B-EE8B74C40F2A}"
EndProject
Project("{9A19103F-16F7-4668-BE54-9A1E7A4F7556}") = "BlazorHostedOnAzure.Client", "BlazorHostedOnAzure.Client\BlazorHostedOnAzure.Client.csproj", "{2CEAD49C-75C9-4AE3-B8B3-8C8925419CF9}"
EndProject
Project("{9A19103F-16F7-4668-BE54-9A1E7A4F7556}") = "BlazorHostedOnAzure.Shared", "BlazorHostedOnAzure.Shared\BlazorHostedOnAzure.Shared.csproj", "{E3F72E78-FE67-457A-BAD6-19BA6D066DE9}"
EndProject
Project("{9A19103F-16F7-4668-BE54-9A1E7A4F7556}") = "BlazorHostedOnAzure.Lib", "BlazorHostedOnAzure.Lib\BlazorHostedOnAzure.Lib.csproj", "{A2007F13-D5DC-41F1-A32B-859C6694B537}"
EndProject
Global
	GlobalSection(SolutionConfigurationPlatforms) = preSolution
		Debug|Any CPU = Debug|Any CPU
		Release|Any CPU = Release|Any CPU
	EndGlobalSection
	GlobalSection(ProjectConfigurationPlatforms) = postSolution
		{6180A247-DF7F-42D0-882B-EE8B74C40F2A}.Debug|Any CPU.ActiveCfg = Debug|Any CPU
		{6180A247-DF7F-42D0-882B-EE8B74C40F2A}.Debug|Any CPU.Build.0 = Debug|Any CPU
		{6180A247-DF7F-42D0-882B-EE8B74C40F2A}.Release|Any CPU.ActiveCfg = Release|Any CPU
		{6180A247-DF7F-42D0-882B-EE8B74C40F2A}.Release|Any CPU.Build.0 = Release|Any CPU
		{2CEAD49C-75C9-4AE3-B8B3-8C8925419CF9}.Debug|Any CPU.ActiveCfg = Debug|Any CPU
		{2CEAD49C-75C9-4AE3-B8B3-8C8925419CF9}.Debug|Any CPU.Build.0 = Debug|Any CPU
		{2CEAD49C-75C9-4AE3-B8B3-8C8925419CF9}.Release|Any CPU.ActiveCfg = Release|Any CPU
		{2CEAD49C-75C9-4AE3-B8B3-8C8925419CF9}.Release|Any CPU.Build.0 = Release|Any CPU
		{E3F72E78-FE67-457A-BAD6-19BA6D066DE9}.Debug|Any CPU.ActiveCfg = Debug|Any CPU
		{E3F72E78-FE67-457A-BAD6-19BA6D066DE9}.Debug|Any CPU.Build.0 = Debug|Any CPU
		{E3F72E78-FE67-457A-BAD6-19BA6D066DE9}.Release|Any CPU.ActiveCfg = Release|Any CPU
		{E3F72E78-FE67-457A-BAD6-19BA6D066DE9}.Release|Any CPU.Build.0 = Release|Any CPU
		{A2007F13-D5DC-41F1-A32B-859C6694B537}.Debug|Any CPU.ActiveCfg = Debug|Any CPU
		{A2007F13-D5DC-41F1-A32B-859C6694B537}.Debug|Any CPU.Build.0 = Debug|Any CPU
		{A2007F13-D5DC-41F1-A32B-859C6694B537}.Release|Any CPU.ActiveCfg = Release|Any CPU
		{A2007F13-D5DC-41F1-A32B-859C6694B537}.Release|Any CPU.Build.0 = Release|Any CPU
	EndGlobalSection
	GlobalSection(SolutionProperties) = preSolution
		HideSolutionNode = FALSE
	EndGlobalSection
	GlobalSection(ExtensibilityGlobals) = postSolution
		SolutionGuid = {2A100039-F795-4ED4-82A8-165B6EE44A4D}
	EndGlobalSection
EndGlobal
